
Microsoft Visual Studio Solution File, Format Version 12.00
# Visual Studio Version 16
VisualStudioVersion = 16.0.30404.54
MinimumVisualStudioVersion = 10.0.40219.1
Project("{9A19103F-16F7-4668-BE54-9A1E7A4F7556}") = "VTDownloader", "VTDownloader.csproj", "{EFC75FDD-B069-407D-91B8-D7B02C50B077}"
EndProject
Global
	GlobalSection(SolutionConfigurationPlatforms) = preSolution
		Debug|Any CPU = Debug|Any CPU
		Release|Any CPU = Release|Any CPU
	EndGlobalSection
	GlobalSection(ProjectConfigurationPlatforms) = postSolution
		{EFC75FDD-B069-407D-91B8-D7B02C50B077}.Debug|Any CPU.ActiveCfg = Debug|Any CPU
		{EFC75FDD-B069-407D-91B8-D7B02C50B077}.Debug|Any CPU.Build.0 = Debug|Any CPU
		{EFC75FDD-B069-407D-91B8-D7B02C50B077}.Release|Any CPU.ActiveCfg = Release|Any CPU
		{EFC75FDD-B069-407D-91B8-D7B02C50B077}.Release|Any CPU.Build.0 = Release|Any CPU
	EndGlobalSection
	GlobalSection(SolutionProperties) = preSolution
		HideSolutionNode = FALSE
	EndGlobalSection
	GlobalSection(ExtensibilityGlobals) = postSolution
		SolutionGuid = {BBBA44FE-FF75-4195-8516-EE4075711DA0}
	EndGlobalSection
EndGlobal
